{
  "pins" : [
    {
      "identity" : "lottie-ios",
      "kind" : "remoteSourceControl",
      "location" : "https://github.com/airbnb/lottie-ios",
      "state" : {
        "branch" : "master",
        "revision" : "2f9a47367d02d61321d4600af99ac98eafd2708b"
      }
    },
    {
      "identity" : "skeletonview",
      "kind" : "remoteSourceControl",
      "location" : "https://github.com/Juanpe/SkeletonView.git",
      "state" : {
        "revision" : "b640c1d8eee79c3a5ad6e0ae1afd2ae0fea30423",
        "version" : "1.29.3"
      }
    }
  ],
  "version" : 2
}
